<Solution>
  <Folder Name="/AITalkBot/">
    <Project Path="../AITalkBot/AITalkBot.csproj" Id="b1522684-29f2-4528-9cf4-a4fa178b9c2b" />
  </Folder>
  <Folder Name="/Zero to First Prompt/">
    <Project Path="Zero-To-First-Prompt-Done/Zero-To-First-Prompt-Done.csproj" Id="b07d8bd5-b79b-4ab0-873f-c937f9ac9658" />
    <Project Path="Zero-ToFirst-Prompt-Empty/Zero-ToFirst-Prompt-Empty.csproj" Id="3cc965c0-fab4-4292-b5f6-e58ccc3051e6" />
  </Folder>
  <Project Path="../Secrets/Secrets.csproj" Id="d09058f4-28b6-4364-9f7e-2eb64c9db8b1" />
</Solution>
